
Microsoft Visual Studio Solution File, Format Version 12.00
# Visual Studio Version 16
VisualStudioVersion = 16.0.31702.278
MinimumVisualStudioVersion = 10.0.40219.1
Project("{FAE04EC0-301F-11D3-BF4B-00C04F79EFBC}") = "OAIP 22_01", "OAIP 22_01\OAIP 22_01.csproj", "{83D6E655-565F-4543-AD93-B6BCF7B77F59}"
EndProject
Global
	GlobalSection(SolutionConfigurationPlatforms) = preSolution
		Debug|Any CPU = Debug|Any CPU
		Release|Any CPU = Release|Any CPU
	EndGlobalSection
	GlobalSection(ProjectConfigurationPlatforms) = postSolution
		{83D6E655-565F-4543-AD93-B6BCF7B77F59}.Debug|Any CPU.ActiveCfg = Debug|Any CPU
		{83D6E655-565F-4543-AD93-B6BCF7B77F59}.Debug|Any CPU.Build.0 = Debug|Any CPU
		{83D6E655-565F-4543-AD93-B6BCF7B77F59}.Release|Any CPU.ActiveCfg = Release|Any CPU
		{83D6E655-565F-4543-AD93-B6BCF7B77F59}.Release|Any CPU.Build.0 = Release|Any CPU
	EndGlobalSection
	GlobalSection(SolutionProperties) = preSolution
		HideSolutionNode = FALSE
	EndGlobalSection
	GlobalSection(ExtensibilityGlobals) = postSolution
		SolutionGuid = {ADCAC091-ED99-444C-8BE3-08CB2E5E813F}
	EndGlobalSection
EndGlobal
